
Microsoft Visual Studio Solution File, Format Version 12.00
# Visual Studio Version 17
VisualStudioVersion = 17.1.32210.238
MinimumVisualStudioVersion = 10.0.40219.1
Project("{2150E333-8FDC-42A3-9474-1A3956D46DE8}") = "DevExtreme NuGet.config", "DevExtreme NuGet.config", "{6CD86982-F514-409F-B8F8-E780741E7BFB}"
	ProjectSection(SolutionItems) = preProject
		NuGet.config = NuGet.config
	EndProjectSection
EndProject
Project("{9A19103F-16F7-4668-BE54-9A1E7A4F7556}") = "MovManagerr.Explorer", "MovManagerr.Explorer\MovManagerr.Explorer.csproj", "{C6C397A2-97CA-4422-81C3-87EDB6BD2E16}"
EndProject
Project("{9A19103F-16F7-4668-BE54-9A1E7A4F7556}") = "MovManagerr.Models", "MovManagerr.Models\MovManagerr.Models.csproj", "{48DB75C0-C679-482C-8B45-D9F2CFE4ADC1}"
EndProject
Project("{2150E333-8FDC-42A3-9474-1A3956D46DE8}") = "Solution Items", "Solution Items", "{E94BD231-C656-4F6D-A27A-1A7F91111933}"
	ProjectSection(SolutionItems) = preProject
		.editorconfig = .editorconfig
	EndProjectSection
EndProject
Project("{9A19103F-16F7-4668-BE54-9A1E7A4F7556}") = "MovManagerr.Tmdb", "MovManagerr.Tmdb\MovManagerr.Tmdb.csproj", "{FACD27A8-4898-4643-8A73-A64B39F284C2}"
EndProject
Project("{9A19103F-16F7-4668-BE54-9A1E7A4F7556}") = "MovManagerr.Web", "MovManagerr.Web\MovManagerr.Web.csproj", "{943B0CCA-20E8-4BC4-A841-1E9F4D44465B}"
EndProject
Project("{9A19103F-16F7-4668-BE54-9A1E7A4F7556}") = "M3USync", "M3USync\M3USync.csproj", "{4FA46006-B61D-4B49-93D8-C7714EE46587}"
EndProject
Project("{9A19103F-16F7-4668-BE54-9A1E7A4F7556}") = "M3USync.Tests", "M3USync.Tests\M3USync.Tests.csproj", "{86145AAE-4854-47E1-8E1A-548C6620CBF7}"
EndProject
Project("{9A19103F-16F7-4668-BE54-9A1E7A4F7556}") = "MovManagerr.App", "MovManagerr.App\MovManagerr.App.csproj", "{011FFEAF-D2DA-49AE-B351-BB6648ACA42E}"
EndProject
Global
	GlobalSection(SolutionConfigurationPlatforms) = preSolution
		Debug|Any CPU = Debug|Any CPU
		Release|Any CPU = Release|Any CPU
	EndGlobalSection
	GlobalSection(ProjectConfigurationPlatforms) = postSolution
		{C6C397A2-97CA-4422-81C3-87EDB6BD2E16}.Debug|Any CPU.ActiveCfg = Debug|Any CPU
		{C6C397A2-97CA-4422-81C3-87EDB6BD2E16}.Debug|Any CPU.Build.0 = Debug|Any CPU
		{C6C397A2-97CA-4422-81C3-87EDB6BD2E16}.Release|Any CPU.ActiveCfg = Release|Any CPU
		{C6C397A2-97CA-4422-81C3-87EDB6BD2E16}.Release|Any CPU.Build.0 = Release|Any CPU
		{48DB75C0-C679-482C-8B45-D9F2CFE4ADC1}.Debug|Any CPU.ActiveCfg = Debug|Any CPU
		{48DB75C0-C679-482C-8B45-D9F2CFE4ADC1}.Debug|Any CPU.Build.0 = Debug|Any CPU
		{48DB75C0-C679-482C-8B45-D9F2CFE4ADC1}.Release|Any CPU.ActiveCfg = Release|Any CPU
		{48DB75C0-C679-482C-8B45-D9F2CFE4ADC1}.Release|Any CPU.Build.0 = Release|Any CPU
		{FACD27A8-4898-4643-8A73-A64B39F284C2}.Debug|Any CPU.ActiveCfg = Debug|Any CPU
		{FACD27A8-4898-4643-8A73-A64B39F284C2}.Debug|Any CPU.Build.0 = Debug|Any CPU
		{FACD27A8-4898-4643-8A73-A64B39F284C2}.Release|Any CPU.ActiveCfg = Release|Any CPU
		{FACD27A8-4898-4643-8A73-A64B39F284C2}.Release|Any CPU.Build.0 = Release|Any CPU
		{943B0CCA-20E8-4BC4-A841-1E9F4D44465B}.Debug|Any CPU.ActiveCfg = Debug|Any CPU
		{943B0CCA-20E8-4BC4-A841-1E9F4D44465B}.Debug|Any CPU.Build.0 = Debug|Any CPU
		{943B0CCA-20E8-4BC4-A841-1E9F4D44465B}.Release|Any CPU.ActiveCfg = Release|Any CPU
		{943B0CCA-20E8-4BC4-A841-1E9F4D44465B}.Release|Any CPU.Build.0 = Release|Any CPU
		{4FA46006-B61D-4B49-93D8-C7714EE46587}.Debug|Any CPU.ActiveCfg = Debug|Any CPU
		{4FA46006-B61D-4B49-93D8-C7714EE46587}.Debug|Any CPU.Build.0 = Debug|Any CPU
		{4FA46006-B61D-4B49-93D8-C7714EE46587}.Release|Any CPU.ActiveCfg = Release|Any CPU
		{4FA46006-B61D-4B49-93D8-C7714EE46587}.Release|Any CPU.Build.0 = Release|Any CPU
		{86145AAE-4854-47E1-8E1A-548C6620CBF7}.Debug|Any CPU.ActiveCfg = Debug|Any CPU
		{86145AAE-4854-47E1-8E1A-548C6620CBF7}.Debug|Any CPU.Build.0 = Debug|Any CPU
		{86145AAE-4854-47E1-8E1A-548C6620CBF7}.Release|Any CPU.ActiveCfg = Release|Any CPU
		{86145AAE-4854-47E1-8E1A-548C6620CBF7}.Release|Any CPU.Build.0 = Release|Any CPU
		{011FFEAF-D2DA-49AE-B351-BB6648ACA42E}.Debug|Any CPU.ActiveCfg = Debug|Any CPU
		{011FFEAF-D2DA-49AE-B351-BB6648ACA42E}.Debug|Any CPU.Build.0 = Debug|Any CPU
		{011FFEAF-D2DA-49AE-B351-BB6648ACA42E}.Release|Any CPU.ActiveCfg = Release|Any CPU
		{011FFEAF-D2DA-49AE-B351-BB6648ACA42E}.Release|Any CPU.Build.0 = Release|Any CPU
	EndGlobalSection
	GlobalSection(SolutionProperties) = preSolution
		HideSolutionNode = FALSE
	EndGlobalSection
	GlobalSection(ExtensibilityGlobals) = postSolution
		SolutionGuid = {D3E89C94-C27F-4442-AE2F-313A9DB80022}
	EndGlobalSection
EndGlobal
